
Microsoft Visual Studio Solution File, Format Version 12.00
# Visual Studio Version 17
VisualStudioVersion = 17.6.33829.357
MinimumVisualStudioVersion = 10.0.40219.1
Project("{FAE04EC0-301F-11D3-BF4B-00C04F79EFBC}") = "EFCoreNull", "EFCoreNull.csproj", "{4340CF23-8688-4A30-99A5-6061416E1F88}"
EndProject
Global
	GlobalSection(SolutionConfigurationPlatforms) = preSolution
		Debug|Any CPU = Debug|Any CPU
		Release|Any CPU = Release|Any CPU
	EndGlobalSection
	GlobalSection(ProjectConfigurationPlatforms) = postSolution
		{4340CF23-8688-4A30-99A5-6061416E1F88}.Debug|Any CPU.ActiveCfg = Debug|Any CPU
		{4340CF23-8688-4A30-99A5-6061416E1F88}.Debug|Any CPU.Build.0 = Debug|Any CPU
		{4340CF23-8688-4A30-99A5-6061416E1F88}.Release|Any CPU.ActiveCfg = Release|Any CPU
		{4340CF23-8688-4A30-99A5-6061416E1F88}.Release|Any CPU.Build.0 = Release|Any CPU
	EndGlobalSection
	GlobalSection(SolutionProperties) = preSolution
		HideSolutionNode = FALSE
	EndGlobalSection
	GlobalSection(ExtensibilityGlobals) = postSolution
		SolutionGuid = {D147F207-DE67-43C3-BA3B-8EF1859DA60C}
	EndGlobalSection
EndGlobal
